# This file is automatically @generated by Cargo.
# It is not intended for manual editing.
version = 4

[[package]]
name = "cmdparsing"
version = "2.2.6"
dependencies = [
 "tt-call",
 "tt-equal",
]

[[package]]
name = "tt-call"
version = "1.0.9"
source = "registry+https://github.com/rust-lang/crates.io-index"
checksum = "f4f195fd851901624eee5a58c4bb2b4f06399148fcd0ed336e6f1cb60a9881df"

[[package]]
name = "tt-equal"
version = "0.1.2"
source = "registry+https://github.com/rust-lang/crates.io-index"
checksum = "be465ac1800caf32820b6d728cb0e8708eda450befdeca4a15766027be4a129b"
dependencies = [
 "tt-call",
]
